
Microsoft Visual Studio Solution File, Format Version 12.00
# Visual Studio Version 16
VisualStudioVersion = 16.0.30717.126
MinimumVisualStudioVersion = 10.0.40219.1
Project("{FAE04EC0-301F-11D3-BF4B-00C04F79EFBC}") = "MalayanBank.OnlineBanking", "MalayanBank.OnlineBanking\MalayanBank.OnlineBanking.csproj", "{D4FEE919-164C-461E-A18A-72283763D733}"
EndProject
Project("{2150E333-8FDC-42A3-9474-1A3956D46DE8}") = "Presentation", "Presentation", "{02E02B9B-76C7-45F1-BB74-F06F0CAE3543}"
EndProject
Project("{2150E333-8FDC-42A3-9474-1A3956D46DE8}") = "Data Access", "Data Access", "{E33B7C33-A5DC-4C47-8CEB-2C05840ED28B}"
EndProject
Project("{2150E333-8FDC-42A3-9474-1A3956D46DE8}") = "Business Logic", "Business Logic", "{64FC5324-8B02-4AAD-A698-D11C46D4CF06}"
EndProject
Project("{2150E333-8FDC-42A3-9474-1A3956D46DE8}") = "API", "API", "{DA1F0962-986F-444E-99B4-89618A92F29A}"
EndProject
Project("{9A19103F-16F7-4668-BE54-9A1E7A4F7556}") = "ClientLogs.API", "ClientLogs.API\ClientLogs.API.csproj", "{1E035521-8EF8-4CDC-AF45-8D3782B580CF}"
EndProject
Project("{2150E333-8FDC-42A3-9474-1A3956D46DE8}") = "Services", "Services", "{941699C0-052A-4080-973F-857A78707926}"
EndProject
Project("{9A19103F-16F7-4668-BE54-9A1E7A4F7556}") = "ClientLogsService", "ClientLogsService\ClientLogsService.csproj", "{8DBC45F2-AF71-4045-8954-FBECDA53785B}"
EndProject
Project("{9A19103F-16F7-4668-BE54-9A1E7A4F7556}") = "UtilitiesService", "UtilitiesService\UtilitiesService.csproj", "{8FF8FED3-8163-4B9D-8BCD-600E0AE3E638}"
EndProject
Project("{9A19103F-16F7-4668-BE54-9A1E7A4F7556}") = "DataAccess", "DataAccess\DataAccess.csproj", "{148F71F6-3466-4334-9F46-E3540E257B4F}"
EndProject
Project("{9A19103F-16F7-4668-BE54-9A1E7A4F7556}") = "Entities", "Entities\Entities.csproj", "{35D3AAE1-4EF0-45B5-84BA-AA31E4FF2873}"
EndProject
Project("{9A19103F-16F7-4668-BE54-9A1E7A4F7556}") = "Models", "Models\Models.csproj", "{93DD36DE-6F40-4B09-9737-9BEBAD2DEDE7}"
EndProject
Project("{9A19103F-16F7-4668-BE54-9A1E7A4F7556}") = "Utilities", "Utilities\Utilities.csproj", "{F0A0969C-DB72-4DE8-BD92-E66D6E86F2BF}"
EndProject
Global
	GlobalSection(SolutionConfigurationPlatforms) = preSolution
		Debug|Any CPU = Debug|Any CPU
		Release|Any CPU = Release|Any CPU
	EndGlobalSection
	GlobalSection(ProjectConfigurationPlatforms) = postSolution
		{D4FEE919-164C-461E-A18A-72283763D733}.Debug|Any CPU.ActiveCfg = Debug|Any CPU
		{D4FEE919-164C-461E-A18A-72283763D733}.Debug|Any CPU.Build.0 = Debug|Any CPU
		{D4FEE919-164C-461E-A18A-72283763D733}.Release|Any CPU.ActiveCfg = Release|Any CPU
		{D4FEE919-164C-461E-A18A-72283763D733}.Release|Any CPU.Build.0 = Release|Any CPU
		{1E035521-8EF8-4CDC-AF45-8D3782B580CF}.Debug|Any CPU.ActiveCfg = Debug|Any CPU
		{1E035521-8EF8-4CDC-AF45-8D3782B580CF}.Debug|Any CPU.Build.0 = Debug|Any CPU
		{1E035521-8EF8-4CDC-AF45-8D3782B580CF}.Release|Any CPU.ActiveCfg = Release|Any CPU
		{1E035521-8EF8-4CDC-AF45-8D3782B580CF}.Release|Any CPU.Build.0 = Release|Any CPU
		{8DBC45F2-AF71-4045-8954-FBECDA53785B}.Debug|Any CPU.ActiveCfg = Debug|Any CPU
		{8DBC45F2-AF71-4045-8954-FBECDA53785B}.Debug|Any CPU.Build.0 = Debug|Any CPU
		{8DBC45F2-AF71-4045-8954-FBECDA53785B}.Release|Any CPU.ActiveCfg = Release|Any CPU
		{8DBC45F2-AF71-4045-8954-FBECDA53785B}.Release|Any CPU.Build.0 = Release|Any CPU
		{8FF8FED3-8163-4B9D-8BCD-600E0AE3E638}.Debug|Any CPU.ActiveCfg = Debug|Any CPU
		{8FF8FED3-8163-4B9D-8BCD-600E0AE3E638}.Debug|Any CPU.Build.0 = Debug|Any CPU
		{8FF8FED3-8163-4B9D-8BCD-600E0AE3E638}.Release|Any CPU.ActiveCfg = Release|Any CPU
		{8FF8FED3-8163-4B9D-8BCD-600E0AE3E638}.Release|Any CPU.Build.0 = Release|Any CPU
		{148F71F6-3466-4334-9F46-E3540E257B4F}.Debug|Any CPU.ActiveCfg = Debug|Any CPU
		{148F71F6-3466-4334-9F46-E3540E257B4F}.Debug|Any CPU.Build.0 = Debug|Any CPU
		{148F71F6-3466-4334-9F46-E3540E257B4F}.Release|Any CPU.ActiveCfg = Release|Any CPU
		{148F71F6-3466-4334-9F46-E3540E257B4F}.Release|Any CPU.Build.0 = Release|Any CPU
		{35D3AAE1-4EF0-45B5-84BA-AA31E4FF2873}.Debug|Any CPU.ActiveCfg = Debug|Any CPU
		{35D3AAE1-4EF0-45B5-84BA-AA31E4FF2873}.Debug|Any CPU.Build.0 = Debug|Any CPU
		{35D3AAE1-4EF0-45B5-84BA-AA31E4FF2873}.Release|Any CPU.ActiveCfg = Release|Any CPU
		{35D3AAE1-4EF0-45B5-84BA-AA31E4FF2873}.Release|Any CPU.Build.0 = Release|Any CPU
		{93DD36DE-6F40-4B09-9737-9BEBAD2DEDE7}.Debug|Any CPU.ActiveCfg = Debug|Any CPU
		{93DD36DE-6F40-4B09-9737-9BEBAD2DEDE7}.Debug|Any CPU.Build.0 = Debug|Any CPU
		{93DD36DE-6F40-4B09-9737-9BEBAD2DEDE7}.Release|Any CPU.ActiveCfg = Release|Any CPU
		{93DD36DE-6F40-4B09-9737-9BEBAD2DEDE7}.Release|Any CPU.Build.0 = Release|Any CPU
		{F0A0969C-DB72-4DE8-BD92-E66D6E86F2BF}.Debug|Any CPU.ActiveCfg = Debug|Any CPU
		{F0A0969C-DB72-4DE8-BD92-E66D6E86F2BF}.Debug|Any CPU.Build.0 = Debug|Any CPU
		{F0A0969C-DB72-4DE8-BD92-E66D6E86F2BF}.Release|Any CPU.ActiveCfg = Release|Any CPU
		{F0A0969C-DB72-4DE8-BD92-E66D6E86F2BF}.Release|Any CPU.Build.0 = Release|Any CPU
	EndGlobalSection
	GlobalSection(SolutionProperties) = preSolution
		HideSolutionNode = FALSE
	EndGlobalSection
	GlobalSection(NestedProjects) = preSolution
		{D4FEE919-164C-461E-A18A-72283763D733} = {02E02B9B-76C7-45F1-BB74-F06F0CAE3543}
		{1E035521-8EF8-4CDC-AF45-8D3782B580CF} = {DA1F0962-986F-444E-99B4-89618A92F29A}
		{941699C0-052A-4080-973F-857A78707926} = {64FC5324-8B02-4AAD-A698-D11C46D4CF06}
		{8DBC45F2-AF71-4045-8954-FBECDA53785B} = {941699C0-052A-4080-973F-857A78707926}
		{8FF8FED3-8163-4B9D-8BCD-600E0AE3E638} = {941699C0-052A-4080-973F-857A78707926}
		{148F71F6-3466-4334-9F46-E3540E257B4F} = {E33B7C33-A5DC-4C47-8CEB-2C05840ED28B}
		{35D3AAE1-4EF0-45B5-84BA-AA31E4FF2873} = {64FC5324-8B02-4AAD-A698-D11C46D4CF06}
		{93DD36DE-6F40-4B09-9737-9BEBAD2DEDE7} = {64FC5324-8B02-4AAD-A698-D11C46D4CF06}
		{F0A0969C-DB72-4DE8-BD92-E66D6E86F2BF} = {64FC5324-8B02-4AAD-A698-D11C46D4CF06}
	EndGlobalSection
	GlobalSection(ExtensibilityGlobals) = postSolution
		SolutionGuid = {EA8C8D34-E1FD-4D1D-AC97-DE2EDCFA7E81}
	EndGlobalSection
EndGlobal
